// !$*UTF8*$!
{
	archiveVersion = 1;
	classes = {
	};
	objectVersion = 46;
	objects = {

/* Begin PBXBuildFile section */
		1A3BB3E39584DA2D0A630FDE /* Pods_CageMatch.framework in Frameworks */ = {isa = PBXBuildFile; fileRef = 8A78287904054D8EEBE75E2C /* Pods_CageMatch.framework */; };
		45AA6BF51DC2514F006A7D0C /* TestHelper.swift in Sources */ = {isa = PBXBuildFile; fileRef = 45AA6BF41DC2514F006A7D0C /* TestHelper.swift */; };
		45B2A1F41DC196700019D0E3 /* AppDelegate.swift in Sources */ = {isa = PBXBuildFile; fileRef = 45B2A1F31DC196700019D0E3 /* AppDelegate.swift */; };
		45B2A1F61DC196700019D0E3 /* ViewController.swift in Sources */ = {isa = PBXBuildFile; fileRef = 45B2A1F51DC196700019D0E3 /* ViewController.swift */; };
		45B2A1F91DC196700019D0E3 /* Main.storyboard in Resources */ = {isa = PBXBuildFile; fileRef = 45B2A1F71DC196700019D0E3 /* Main.storyboard */; };
		45B2A1FB1DC196700019D0E3 /* Assets.xcassets in Resources */ = {isa = PBXBuildFile; fileRef = 45B2A1FA1DC196700019D0E3 /* Assets.xcassets */; };
		45B2A1FE1DC196700019D0E3 /* LaunchScreen.storyboard in Resources */ = {isa = PBXBuildFile; fileRef = 45B2A1FC1DC196700019D0E3 /* LaunchScreen.storyboard */; };
		45BAC2D81DC234AD00C2FD99 /* NavigationResponse.swift in Sources */ = {isa = PBXBuildFile; fileRef = 45BAC2D71DC234AD00C2FD99 /* NavigationResponse.swift */; };
		45BAC2DA1DC2388C00C2FD99 /* NavigationItem.swift in Sources */ = {isa = PBXBuildFile; fileRef = 45BAC2D91DC2388C00C2FD99 /* NavigationItem.swift */; };
		45BAC2DC1DC239FE00C2FD99 /* NavigationResponse+Marshal.swift in Sources */ = {isa = PBXBuildFile; fileRef = 45BAC2DB1DC239FE00C2FD99 /* NavigationResponse+Marshal.swift */; };
		45BAC2DE1DC23A1600C2FD99 /* NavigationItem+Marshal.swift in Sources */ = {isa = PBXBuildFile; fileRef = 45BAC2DD1DC23A1600C2FD99 /* NavigationItem+Marshal.swift */; };
		45BAC2E11DC23A7D00C2FD99 /* NavigationItemJSON.json in Resources */ = {isa = PBXBuildFile; fileRef = 45BAC2E01DC23A7D00C2FD99 /* NavigationItemJSON.json */; };
		45BAC2E31DC23A8E00C2FD99 /* BrokenChildNavigationItemJSON.json in Resources */ = {isa = PBXBuildFile; fileRef = 45BAC2E21DC23A8E00C2FD99 /* BrokenChildNavigationItemJSON.json */; };
		45BAC2E51DC23AA000C2FD99 /* BrokenMainNavigationItemJSON.json in Resources */ = {isa = PBXBuildFile; fileRef = 45BAC2E41DC23AA000C2FD99 /* BrokenMainNavigationItemJSON.json */; };
		45BAC2E71DC23AC300C2FD99 /* NavigationTests.swift in Sources */ = {isa = PBXBuildFile; fileRef = 45BAC2E61DC23AC300C2FD99 /* NavigationTests.swift */; };
		8975E7CCBB6AACCEC36C7FDD /* Pods_CageMatchTests.framework in Frameworks */ = {isa = PBXBuildFile; fileRef = EBB766EC8F5504C595BB770B /* Pods_CageMatchTests.framework */; };
/* End PBXBuildFile section */

/* Begin PBXContainerItemProxy section */
		45B2A2051DC196700019D0E3 /* PBXContainerItemProxy */ = {
			isa = PBXContainerItemProxy;
			containerPortal = 45B2A1E81DC196700019D0E3 /* Project object */;
			proxyType = 1;
			remoteGlobalIDString = 45B2A1EF1DC196700019D0E3;
			remoteInfo = CageMatch;
		};
/* End PBXContainerItemProxy section */

/* Begin PBXFileReference section */
		13326722812B668D06211FAF /* Pods-CageMatchTests.release.xcconfig */ = {isa = PBXFileReference; includeInIndex = 1; lastKnownFileType = text.xcconfig; name = "Pods-CageMatchTests.release.xcconfig"; path = "Pods/Target Support Files/Pods-CageMatchTests/Pods-CageMatchTests.release.xcconfig"; sourceTree = "<group>"; };
		1794DCD4B615883685BAF0A2 /* Pods-CageMatch.debug.xcconfig */ = {isa = PBXFileReference; includeInIndex = 1; lastKnownFileType = text.xcconfig; name = "Pods-CageMatch.debug.xcconfig"; path = "Pods/Target Support Files/Pods-CageMatch/Pods-CageMatch.debug.xcconfig"; sourceTree = "<group>"; };
		20AEFE3FF0C5CC9275B294DA /* Pods-CageMatchTests.debug.xcconfig */ = {isa = PBXFileReference; includeInIndex = 1; lastKnownFileType = text.xcconfig; name = "Pods-CageMatchTests.debug.xcconfig"; path = "Pods/Target Support Files/Pods-CageMatchTests/Pods-CageMatchTests.debug.xcconfig"; sourceTree = "<group>"; };
		45AA6BF41DC2514F006A7D0C /* TestHelper.swift */ = {isa = PBXFileReference; fileEncoding = 4; lastKnownFileType = sourcecode.swift; path = TestHelper.swift; sourceTree = "<group>"; };
		45B2A1F01DC196700019D0E3 /* CageMatch.app */ = {isa = PBXFileReference; explicitFileType = wrapper.application; includeInIndex = 0; path = CageMatch.app; sourceTree = BUILT_PRODUCTS_DIR; };
		45B2A1F31DC196700019D0E3 /* AppDelegate.swift */ = {isa = PBXFileReference; lastKnownFileType = sourcecode.swift; path = AppDelegate.swift; sourceTree = "<group>"; };
		45B2A1F51DC196700019D0E3 /* ViewController.swift */ = {isa = PBXFileReference; lastKnownFileType = sourcecode.swift; path = ViewController.swift; sourceTree = "<group>"; };
		45B2A1F81DC196700019D0E3 /* Base */ = {isa = PBXFileReference; lastKnownFileType = file.storyboard; name = Base; path = Base.lproj/Main.storyboard; sourceTree = "<group>"; };
		45B2A1FA1DC196700019D0E3 /* Assets.xcassets */ = {isa = PBXFileReference; lastKnownFileType = folder.assetcatalog; path = Assets.xcassets; sourceTree = "<group>"; };
		45B2A1FD1DC196700019D0E3 /* Base */ = {isa = PBXFileReference; lastKnownFileType = file.storyboard; name = Base; path = Base.lproj/LaunchScreen.storyboard; sourceTree = "<group>"; };
		45B2A1FF1DC196700019D0E3 /* Info.plist */ = {isa = PBXFileReference; lastKnownFileType = text.plist.xml; path = Info.plist; sourceTree = "<group>"; };
		45B2A2041DC196700019D0E3 /* CageMatchTests.xctest */ = {isa = PBXFileReference; explicitFileType = wrapper.cfbundle; includeInIndex = 0; path = CageMatchTests.xctest; sourceTree = BUILT_PRODUCTS_DIR; };
		45B2A20A1DC196700019D0E3 /* Info.plist */ = {isa = PBXFileReference; lastKnownFileType = text.plist.xml; path = Info.plist; sourceTree = "<group>"; };
		45BAC2D71DC234AD00C2FD99 /* NavigationResponse.swift */ = {isa = PBXFileReference; fileEncoding = 4; lastKnownFileType = sourcecode.swift; path = NavigationResponse.swift; sourceTree = "<group>"; };
		45BAC2D91DC2388C00C2FD99 /* NavigationItem.swift */ = {isa = PBXFileReference; fileEncoding = 4; lastKnownFileType = sourcecode.swift; path = NavigationItem.swift; sourceTree = "<group>"; };
		45BAC2DB1DC239FE00C2FD99 /* NavigationResponse+Marshal.swift */ = {isa = PBXFileReference; fileEncoding = 4; lastKnownFileType = sourcecode.swift; path = "NavigationResponse+Marshal.swift"; sourceTree = "<group>"; };
		45BAC2DD1DC23A1600C2FD99 /* NavigationItem+Marshal.swift */ = {isa = PBXFileReference; fileEncoding = 4; lastKnownFileType = sourcecode.swift; path = "NavigationItem+Marshal.swift"; sourceTree = "<group>"; };
		45BAC2E01DC23A7D00C2FD99 /* NavigationItemJSON.json */ = {isa = PBXFileReference; fileEncoding = 4; lastKnownFileType = text.json; path = NavigationItemJSON.json; sourceTree = "<group>"; };
		45BAC2E21DC23A8E00C2FD99 /* BrokenChildNavigationItemJSON.json */ = {isa = PBXFileReference; fileEncoding = 4; lastKnownFileType = text.json; path = BrokenChildNavigationItemJSON.json; sourceTree = "<group>"; };
		45BAC2E41DC23AA000C2FD99 /* BrokenMainNavigationItemJSON.json */ = {isa = PBXFileReference; fileEncoding = 4; lastKnownFileType = text.json; path = BrokenMainNavigationItemJSON.json; sourceTree = "<group>"; };
		45BAC2E61DC23AC300C2FD99 /* NavigationTests.swift */ = {isa = PBXFileReference; fileEncoding = 4; lastKnownFileType = sourcecode.swift; path = NavigationTests.swift; sourceTree = "<group>"; };
		4E0897BE2C40D24C16D35B70 /* Pods-CageMatch.release.xcconfig */ = {isa = PBXFileReference; includeInIndex = 1; lastKnownFileType = text.xcconfig; name = "Pods-CageMatch.release.xcconfig"; path = "Pods/Target Support Files/Pods-CageMatch/Pods-CageMatch.release.xcconfig"; sourceTree = "<group>"; };
		8A78287904054D8EEBE75E2C /* Pods_CageMatch.framework */ = {isa = PBXFileReference; explicitFileType = wrapper.framework; includeInIndex = 0; path = Pods_CageMatch.framework; sourceTree = BUILT_PRODUCTS_DIR; };
		EBB766EC8F5504C595BB770B /* Pods_CageMatchTests.framework */ = {isa = PBXFileReference; explicitFileType = wrapper.framework; includeInIndex = 0; path = Pods_CageMatchTests.framework; sourceTree = BUILT_PRODUCTS_DIR; };
/* End PBXFileReference section */

/* Begin PBXFrameworksBuildPhase section */
		45B2A1ED1DC196700019D0E3 /* Frameworks */ = {
			isa = PBXFrameworksBuildPhase;
			buildActionMask = 2147483647;
			files = (
				1A3BB3E39584DA2D0A630FDE /* Pods_CageMatch.framework in Frameworks */,
			);
			runOnlyForDeploymentPostprocessing = 0;
		};
		45B2A2011DC196700019D0E3 /* Frameworks */ = {
			isa = PBXFrameworksBuildPhase;
			buildActionMask = 2147483647;
			files = (
				8975E7CCBB6AACCEC36C7FDD /* Pods_CageMatchTests.framework in Frameworks */,
			);
			runOnlyForDeploymentPostprocessing = 0;
		};
/* End PBXFrameworksBuildPhase section */

/* Begin PBXGroup section */
		3A7F37FB70FF66EE881018DB /* Frameworks */ = {
			isa = PBXGroup;
			children = (
				8A78287904054D8EEBE75E2C /* Pods_CageMatch.framework */,
				EBB766EC8F5504C595BB770B /* Pods_CageMatchTests.framework */,
			);
			name = Frameworks;
			sourceTree = "<group>";
		};
		45B2A1E71DC196700019D0E3 = {
			isa = PBXGroup;
			children = (
				45B2A1F21DC196700019D0E3 /* CageMatch */,
				45B2A2071DC196700019D0E3 /* CageMatchTests */,
				45B2A1F11DC196700019D0E3 /* Products */,
				57F67CF69A8EA2FC7C236985 /* Pods */,
				3A7F37FB70FF66EE881018DB /* Frameworks */,
			);
			sourceTree = "<group>";
		};
		45B2A1F11DC196700019D0E3 /* Products */ = {
			isa = PBXGroup;
			children = (
				45B2A1F01DC196700019D0E3 /* CageMatch.app */,
				45B2A2041DC196700019D0E3 /* CageMatchTests.xctest */,
			);
			name = Products;
			sourceTree = "<group>";
		};
		45B2A1F21DC196700019D0E3 /* CageMatch */ = {
			isa = PBXGroup;
			children = (
				45B2A1F31DC196700019D0E3 /* AppDelegate.swift */,
				45B2A1F51DC196700019D0E3 /* ViewController.swift */,
				45BAC2D41DC2330900C2FD99 /* Models */,
				45B2A1F71DC196700019D0E3 /* Main.storyboard */,
				45B2A1FA1DC196700019D0E3 /* Assets.xcassets */,
				45B2A1FC1DC196700019D0E3 /* LaunchScreen.storyboard */,
				45B2A1FF1DC196700019D0E3 /* Info.plist */,
			);
			path = CageMatch;
			sourceTree = "<group>";
		};
		45B2A2071DC196700019D0E3 /* CageMatchTests */ = {
			isa = PBXGroup;
			children = (
				45AA6BF41DC2514F006A7D0C /* TestHelper.swift */,
				45BAC2E61DC23AC300C2FD99 /* NavigationTests.swift */,
				45BAC2DF1DC23A7000C2FD99 /* JSON */,
				45B2A20A1DC196700019D0E3 /* Info.plist */,
			);
			path = CageMatchTests;
			sourceTree = "<group>";
		};
		45BAC2D41DC2330900C2FD99 /* Models */ = {
			isa = PBXGroup;
			children = (
				45BAC2D71DC234AD00C2FD99 /* NavigationResponse.swift */,
				45BAC2D91DC2388C00C2FD99 /* NavigationItem.swift */,
				45BAC2DB1DC239FE00C2FD99 /* NavigationResponse+Marshal.swift */,
				45BAC2DD1DC23A1600C2FD99 /* NavigationItem+Marshal.swift */,
			);
			name = Models;
			sourceTree = "<group>";
		};
		45BAC2DF1DC23A7000C2FD99 /* JSON */ = {
			isa = PBXGroup;
			children = (
				45BAC2E01DC23A7D00C2FD99 /* NavigationItemJSON.json */,
				45BAC2E41DC23AA000C2FD99 /* BrokenMainNavigationItemJSON.json */,
				45BAC2E21DC23A8E00C2FD99 /* BrokenChildNavigationItemJSON.json */,
			);
			name = JSON;
			sourceTree = "<group>";
		};
		57F67CF69A8EA2FC7C236985 /* Pods */ = {
			isa = PBXGroup;
			children = (
				1794DCD4B615883685BAF0A2 /* Pods-CageMatch.debug.xcconfig */,
				4E0897BE2C40D24C16D35B70 /* Pods-CageMatch.release.xcconfig */,
				20AEFE3FF0C5CC9275B294DA /* Pods-CageMatchTests.debug.xcconfig */,
				13326722812B668D06211FAF /* Pods-CageMatchTests.release.xcconfig */,
			);
			name = Pods;
			sourceTree = "<group>";
		};
/* End PBXGroup section */

/* Begin PBXNativeTarget section */
		45B2A1EF1DC196700019D0E3 /* CageMatch */ = {
			isa = PBXNativeTarget;
			buildConfigurationList = 45B2A20D1DC196700019D0E3 /* Build configuration list for PBXNativeTarget "CageMatch" */;
			buildPhases = (
				6B263D5F5CA39F96DF549E0E /* [CP] Check Pods Manifest.lock */,
				45B2A1EC1DC196700019D0E3 /* Sources */,
				45B2A1ED1DC196700019D0E3 /* Frameworks */,
				45B2A1EE1DC196700019D0E3 /* Resources */,
				9C2F8C98E0594B3B4230CAC9 /* [CP] Embed Pods Frameworks */,
				6870B28CCBB05B8371B382B0 /* [CP] Copy Pods Resources */,
			);
			buildRules = (
			);
			dependencies = (
			);
			name = CageMatch;
			productName = CageMatch;
			productReference = 45B2A1F01DC196700019D0E3 /* CageMatch.app */;
			productType = "com.apple.product-type.application";
		};
		45B2A2031DC196700019D0E3 /* CageMatchTests */ = {
			isa = PBXNativeTarget;
			buildConfigurationList = 45B2A2101DC196700019D0E3 /* Build configuration list for PBXNativeTarget "CageMatchTests" */;
			buildPhases = (
				91F444F13F0962D5AF1237A9 /* [CP] Check Pods Manifest.lock */,
				45B2A2001DC196700019D0E3 /* Sources */,
				45B2A2011DC196700019D0E3 /* Frameworks */,
				45B2A2021DC196700019D0E3 /* Resources */,
				42A09823E26B95F489F81369 /* [CP] Embed Pods Frameworks */,
				5D109DA3582B322248F48395 /* [CP] Copy Pods Resources */,
			);
			buildRules = (
			);
			dependencies = (
				45B2A2061DC196700019D0E3 /* PBXTargetDependency */,
			);
			name = CageMatchTests;
			productName = CageMatchTests;
			productReference = 45B2A2041DC196700019D0E3 /* CageMatchTests.xctest */;
			productType = "com.apple.product-type.bundle.unit-test";
		};
/* End PBXNativeTarget section */

/* Begin PBXProject section */
		45B2A1E81DC196700019D0E3 /* Project object */ = {
			isa = PBXProject;
			attributes = {
				LastSwiftUpdateCheck = 0800;
				LastUpgradeCheck = 0800;
				ORGANIZATIONNAME = URBN;
				TargetAttributes = {
					45B2A1EF1DC196700019D0E3 = {
						CreatedOnToolsVersion = 8.0;
						DevelopmentTeam = 6438N9QD27;
						ProvisioningStyle = Automatic;
					};
					45B2A2031DC196700019D0E3 = {
						CreatedOnToolsVersion = 8.0;
						DevelopmentTeam = 6438N9QD27;
						ProvisioningStyle = Automatic;
						TestTargetID = 45B2A1EF1DC196700019D0E3;
					};
				};
			};
			buildConfigurationList = 45B2A1EB1DC196700019D0E3 /* Build configuration list for PBXProject "CageMatch" */;
			compatibilityVersion = "Xcode 3.2";
			developmentRegion = English;
			hasScannedForEncodings = 0;
			knownRegions = (
				en,
				Base,
			);
			mainGroup = 45B2A1E71DC196700019D0E3;
			productRefGroup = 45B2A1F11DC196700019D0E3 /* Products */;
			projectDirPath = "";
			projectRoot = "";
			targets = (
				45B2A1EF1DC196700019D0E3 /* CageMatch */,
				45B2A2031DC196700019D0E3 /* CageMatchTests */,
			);
		};
/* End PBXProject section */

/* Begin PBXResourcesBuildPhase section */
		45B2A1EE1DC196700019D0E3 /* Resources */ = {
			isa = PBXResourcesBuildPhase;
			buildActionMask = 2147483647;
			files = (
				45B2A1FE1DC196700019D0E3 /* LaunchScreen.storyboard in Resources */,
				45B2A1FB1DC196700019D0E3 /* Assets.xcassets in Resources */,
				45B2A1F91DC196700019D0E3 /* Main.storyboard in Resources */,
			);
			runOnlyForDeploymentPostprocessing = 0;
		};
		45B2A2021DC196700019D0E3 /* Resources */ = {
			isa = PBXResourcesBuildPhase;
			buildActionMask = 2147483647;
			files = (
				45BAC2E51DC23AA000C2FD99 /* BrokenMainNavigationItemJSON.json in Resources */,
				45BAC2E31DC23A8E00C2FD99 /* BrokenChildNavigationItemJSON.json in Resources */,
				45BAC2E11DC23A7D00C2FD99 /* NavigationItemJSON.json in Resources */,
			);
			runOnlyForDeploymentPostprocessing = 0;
		};
/* End PBXResourcesBuildPhase section */

/* Begin PBXShellScriptBuildPhase section */
		42A09823E26B95F489F81369 /* [CP] Embed Pods Frameworks */ = {
			isa = PBXShellScriptBuildPhase;
			buildActionMask = 2147483647;
			files = (
			);
			inputPaths = (
			);
			name = "[CP] Embed Pods Frameworks";
			outputPaths = (
			);
			runOnlyForDeploymentPostprocessing = 0;
			shellPath = /bin/sh;
			shellScript = "\"${SRCROOT}/Pods/Target Support Files/Pods-CageMatchTests/Pods-CageMatchTests-frameworks.sh\"\n";
			showEnvVarsInLog = 0;
		};
		5D109DA3582B322248F48395 /* [CP] Copy Pods Resources */ = {
			isa = PBXShellScriptBuildPhase;
			buildActionMask = 2147483647;
			files = (
			);
			inputPaths = (
			);
			name = "[CP] Copy Pods Resources";
			outputPaths = (
			);
			runOnlyForDeploymentPostprocessing = 0;
			shellPath = /bin/sh;
			shellScript = "\"${SRCROOT}/Pods/Target Support Files/Pods-CageMatchTests/Pods-CageMatchTests-resources.sh\"\n";
			showEnvVarsInLog = 0;
		};
		6870B28CCBB05B8371B382B0 /* [CP] Copy Pods Resources */ = {
			isa = PBXShellScriptBuildPhase;
			buildActionMask = 2147483647;
			files = (
			);
			inputPaths = (
			);
			name = "[CP] Copy Pods Resources";
			outputPaths = (
			);
			runOnlyForDeploymentPostprocessing = 0;
			shellPath = /bin/sh;
			shellScript = "\"${SRCROOT}/Pods/Target Support Files/Pods-CageMatch/Pods-CageMatch-resources.sh\"\n";
			showEnvVarsInLog = 0;
		};
		6B263D5F5CA39F96DF549E0E /* [CP] Check Pods Manifest.lock */ = {
			isa = PBXShellScriptBuildPhase;
			buildActionMask = 2147483647;
			files = (
			);
			inputPaths = (
			);
			name = "[CP] Check Pods Manifest.lock";
			outputPaths = (
			);
			runOnlyForDeploymentPostprocessing = 0;
			shellPath = /bin/sh;
			shellScript = "diff \"${PODS_ROOT}/../Podfile.lock\" \"${PODS_ROOT}/Manifest.lock\" > /dev/null\nif [ $? != 0 ] ; then\n    # print error to STDERR\n    echo \"error: The sandbox is not in sync with the Podfile.lock. Run 'pod install' or update your CocoaPods installation.\" >&2\n    exit 1\nfi\n";
			showEnvVarsInLog = 0;
		};
		91F444F13F0962D5AF1237A9 /* [CP] Check Pods Manifest.lock */ = {
			isa = PBXShellScriptBuildPhase;
			buildActionMask = 2147483647;
			files = (
			);
			inputPaths = (
			);
			name = "[CP] Check Pods Manifest.lock";
			outputPaths = (
			);
			runOnlyForDeploymentPostprocessing = 0;
			shellPath = /bin/sh;
			shellScript = "diff \"${PODS_ROOT}/../Podfile.lock\" \"${PODS_ROOT}/Manifest.lock\" > /dev/null\nif [ $? != 0 ] ; then\n    # print error to STDERR\n    echo \"error: The sandbox is not in sync with the Podfile.lock. Run 'pod install' or update your CocoaPods installation.\" >&2\n    exit 1\nfi\n";
			showEnvVarsInLog = 0;
		};
		9C2F8C98E0594B3B4230CAC9 /* [CP] Embed Pods Frameworks */ = {
			isa = PBXShellScriptBuildPhase;
			buildActionMask = 2147483647;
			files = (
			);
			inputPaths = (
			);
			name = "[CP] Embed Pods Frameworks";
			outputPaths = (
			);
			runOnlyForDeploymentPostprocessing = 0;
			shellPath = /bin/sh;
			shellScript = "\"${SRCROOT}/Pods/Target Support Files/Pods-CageMatch/Pods-CageMatch-frameworks.sh\"\n";
			showEnvVarsInLog = 0;
		};
/* End PBXShellScriptBuildPhase section */

/* Begin PBXSourcesBuildPhase section */
		45B2A1EC1DC196700019D0E3 /* Sources */ = {
			isa = PBXSourcesBuildPhase;
			buildActionMask = 2147483647;
			files = (
				45B2A1F61DC196700019D0E3 /* ViewController.swift in Sources */,
				45BAC2DC1DC239FE00C2FD99 /* NavigationResponse+Marshal.swift in Sources */,
				45B2A1F41DC196700019D0E3 /* AppDelegate.swift in Sources */,
				45BAC2DE1DC23A1600C2FD99 /* NavigationItem+Marshal.swift in Sources */,
				45BAC2DA1DC2388C00C2FD99 /* NavigationItem.swift in Sources */,
				45BAC2D81DC234AD00C2FD99 /* NavigationResponse.swift in Sources */,
			);
			runOnlyForDeploymentPostprocessing = 0;
		};
		45B2A2001DC196700019D0E3 /* Sources */ = {
			isa = PBXSourcesBuildPhase;
			buildActionMask = 2147483647;
			files = (
				45BAC2E71DC23AC300C2FD99 /* NavigationTests.swift in Sources */,
				45AA6BF51DC2514F006A7D0C /* TestHelper.swift in Sources */,
			);
			runOnlyForDeploymentPostprocessing = 0;
		};
/* End PBXSourcesBuildPhase section */

/* Begin PBXTargetDependency section */
		45B2A2061DC196700019D0E3 /* PBXTargetDependency */ = {
			isa = PBXTargetDependency;
			target = 45B2A1EF1DC196700019D0E3 /* CageMatch */;
			targetProxy = 45B2A2051DC196700019D0E3 /* PBXContainerItemProxy */;
		};
/* End PBXTargetDependency section */

/* Begin PBXVariantGroup section */
		45B2A1F71DC196700019D0E3 /* Main.storyboard */ = {
			isa = PBXVariantGroup;
			children = (
				45B2A1F81DC196700019D0E3 /* Base */,
			);
			name = Main.storyboard;
			sourceTree = "<group>";
		};
		45B2A1FC1DC196700019D0E3 /* LaunchScreen.storyboard */ = {
			isa = PBXVariantGroup;
			children = (
				45B2A1FD1DC196700019D0E3 /* Base */,
			);
			name = LaunchScreen.storyboard;
			sourceTree = "<group>";
		};
/* End PBXVariantGroup section */

/* Begin XCBuildConfiguration section */
		45B2A20B1DC196700019D0E3 /* Debug */ = {
			isa = XCBuildConfiguration;
			buildSettings = {
				ALWAYS_SEARCH_USER_PATHS = NO;
				CLANG_ANALYZER_NONNULL = YES;
				CLANG_CXX_LANGUAGE_STANDARD = "gnu++0x";
				CLANG_CXX_LIBRARY = "libc++";
				CLANG_ENABLE_MODULES = YES;
				CLANG_ENABLE_OBJC_ARC = YES;
				CLANG_WARN_BOOL_CONVERSION = YES;
				CLANG_WARN_CONSTANT_CONVERSION = YES;
				CLANG_WARN_DIRECT_OBJC_ISA_USAGE = YES_ERROR;
				CLANG_WARN_DOCUMENTATION_COMMENTS = YES;
				CLANG_WARN_EMPTY_BODY = YES;
				CLANG_WARN_ENUM_CONVERSION = YES;
				CLANG_WARN_INFINITE_RECURSION = YES;
				CLANG_WARN_INT_CONVERSION = YES;
				CLANG_WARN_OBJC_ROOT_CLASS = YES_ERROR;
				CLANG_WARN_SUSPICIOUS_MOVES = YES;
				CLANG_WARN_UNREACHABLE_CODE = YES;
				CLANG_WARN__DUPLICATE_METHOD_MATCH = YES;
				"CODE_SIGN_IDENTITY[sdk=iphoneos*]" = "iPhone Developer";
				COPY_PHASE_STRIP = NO;
				DEBUG_INFORMATION_FORMAT = dwarf;
				ENABLE_STRICT_OBJC_MSGSEND = YES;
				ENABLE_TESTABILITY = YES;
				GCC_C_LANGUAGE_STANDARD = gnu99;
				GCC_DYNAMIC_NO_PIC = NO;
				GCC_NO_COMMON_BLOCKS = YES;
				GCC_OPTIMIZATION_LEVEL = 0;
				GCC_PREPROCESSOR_DEFINITIONS = (
					"DEBUG=1",
					"$(inherited)",
				);
				GCC_WARN_64_TO_32_BIT_CONVERSION = YES;
				GCC_WARN_ABOUT_RETURN_TYPE = YES_ERROR;
				GCC_WARN_UNDECLARED_SELECTOR = YES;
				GCC_WARN_UNINITIALIZED_AUTOS = YES_AGGRESSIVE;
				GCC_WARN_UNUSED_FUNCTION = YES;
				GCC_WARN_UNUSED_VARIABLE = YES;
				IPHONEOS_DEPLOYMENT_TARGET = 10.0;
				MTL_ENABLE_DEBUG_INFO = YES;
				ONLY_ACTIVE_ARCH = YES;
				SDKROOT = iphoneos;
				SWIFT_ACTIVE_COMPILATION_CONDITIONS = DEBUG;
				SWIFT_OPTIMIZATION_LEVEL = "-Onone";
				TARGETED_DEVICE_FAMILY = "1,2";
			};
			name = Debug;
		};
		45B2A20C1DC196700019D0E3 /* Release */ = {
			isa = XCBuildConfiguration;
			buildSettings = {
				ALWAYS_SEARCH_USER_PATHS = NO;
				CLANG_ANALYZER_NONNULL = YES;
				CLANG_CXX_LANGUAGE_STANDARD = "gnu++0x";
				CLANG_CXX_LIBRARY = "libc++";
				CLANG_ENABLE_MODULES = YES;
				CLANG_ENABLE_OBJC_ARC = YES;
				CLANG_WARN_BOOL_CONVERSION = YES;
				CLANG_WARN_CONSTANT_CONVERSION = YES;
				CLANG_WARN_DIRECT_OBJC_ISA_USAGE = YES_ERROR;
				CLANG_WARN_DOCUMENTATION_COMMENTS = YES;
				CLANG_WARN_EMPTY_BODY = YES;
				CLANG_WARN_ENUM_CONVERSION = YES;
				CLANG_WARN_INFINITE_RECURSION = YES;
				CLANG_WARN_INT_CONVERSION = YES;
				CLANG_WARN_OBJC_ROOT_CLASS = YES_ERROR;
				CLANG_WARN_SUSPICIOUS_MOVES = YES;
				CLANG_WARN_UNREACHABLE_CODE = YES;
				CLANG_WARN__DUPLICATE_METHOD_MATCH = YES;
				"CODE_SIGN_IDENTITY[sdk=iphoneos*]" = "iPhone Developer";
				COPY_PHASE_STRIP = NO;
				DEBUG_INFORMATION_FORMAT = "dwarf-with-dsym";
				ENABLE_NS_ASSERTIONS = NO;
				ENABLE_STRICT_OBJC_MSGSEND = YES;
				GCC_C_LANGUAGE_STANDARD = gnu99;
				GCC_NO_COMMON_BLOCKS = YES;
				GCC_WARN_64_TO_32_BIT_CONVERSION = YES;
				GCC_WARN_ABOUT_RETURN_TYPE = YES_ERROR;
				GCC_WARN_UNDECLARED_SELECTOR = YES;
				GCC_WARN_UNINITIALIZED_AUTOS = YES_AGGRESSIVE;
				GCC_WARN_UNUSED_FUNCTION = YES;
				GCC_WARN_UNUSED_VARIABLE = YES;
				IPHONEOS_DEPLOYMENT_TARGET = 10.0;
				MTL_ENABLE_DEBUG_INFO = NO;
				SDKROOT = iphoneos;
				SWIFT_OPTIMIZATION_LEVEL = "-Owholemodule";
				TARGETED_DEVICE_FAMILY = "1,2";
				VALIDATE_PRODUCT = YES;
			};
			name = Release;
		};
		45B2A20E1DC196700019D0E3 /* Debug */ = {
			isa = XCBuildConfiguration;
			baseConfigurationReference = 1794DCD4B615883685BAF0A2 /* Pods-CageMatch.debug.xcconfig */;
			buildSettings = {
				ASSETCATALOG_COMPILER_APPICON_NAME = AppIcon;
				DEVELOPMENT_TEAM = 6438N9QD27;
				INFOPLIST_FILE = CageMatch/Info.plist;
				LD_RUNPATH_SEARCH_PATHS = "$(inherited) @executable_path/Frameworks";
				PRODUCT_BUNDLE_IDENTIFIER = com.urbn.CageMatch;
				PRODUCT_NAME = "$(TARGET_NAME)";
				SWIFT_VERSION = 3.0;
			};
			name = Debug;
		};
		45B2A20F1DC196700019D0E3 /* Release */ = {
			isa = XCBuildConfiguration;
			baseConfigurationReference = 4E0897BE2C40D24C16D35B70 /* Pods-CageMatch.release.xcconfig */;
			buildSettings = {
				ASSETCATALOG_COMPILER_APPICON_NAME = AppIcon;
				DEVELOPMENT_TEAM = 6438N9QD27;
				INFOPLIST_FILE = CageMatch/Info.plist;
				LD_RUNPATH_SEARCH_PATHS = "$(inherited) @executable_path/Frameworks";
				PRODUCT_BUNDLE_IDENTIFIER = com.urbn.CageMatch;
				PRODUCT_NAME = "$(TARGET_NAME)";
				SWIFT_VERSION = 3.0;
			};
			name = Release;
		};
		45B2A2111DC196700019D0E3 /* Debug */ = {
			isa = XCBuildConfiguration;
			baseConfigurationReference = 20AEFE3FF0C5CC9275B294DA /* Pods-CageMatchTests.debug.xcconfig */;
			buildSettings = {
				ALWAYS_EMBED_SWIFT_STANDARD_LIBRARIES = "$(inherited)";
				BUNDLE_LOADER = "$(TEST_HOST)";
				DEVELOPMENT_TEAM = 6438N9QD27;
				INFOPLIST_FILE = CageMatchTests/Info.plist;
				LD_RUNPATH_SEARCH_PATHS = "$(inherited) @executable_path/Frameworks @loader_path/Frameworks";
				PRODUCT_BUNDLE_IDENTIFIER = com.urbn.CageMatchTests;
				PRODUCT_NAME = "$(TARGET_NAME)";
				SWIFT_VERSION = 3.0;
				TEST_HOST = "$(BUILT_PRODUCTS_DIR)/CageMatch.app/CageMatch";
			};
			name = Debug;
		};
		45B2A2121DC196700019D0E3 /* Release */ = {
			isa = XCBuildConfiguration;
			baseConfigurationReference = 13326722812B668D06211FAF /* Pods-CageMatchTests.release.xcconfig */;
			buildSettings = {
				ALWAYS_EMBED_SWIFT_STANDARD_LIBRARIES = "$(inherited)";
				BUNDLE_LOADER = "$(TEST_HOST)";
				DEVELOPMENT_TEAM = 6438N9QD27;
				INFOPLIST_FILE = CageMatchTests/Info.plist;
				LD_RUNPATH_SEARCH_PATHS = "$(inherited) @executable_path/Frameworks @loader_path/Frameworks";
				PRODUCT_BUNDLE_IDENTIFIER = com.urbn.CageMatchTests;
				PRODUCT_NAME = "$(TARGET_NAME)";
				SWIFT_VERSION = 3.0;
				TEST_HOST = "$(BUILT_PRODUCTS_DIR)/CageMatch.app/CageMatch";
			};
			name = Release;
		};
/* End XCBuildConfiguration section */

/* Begin XCConfigurationList section */
		45B2A1EB1DC196700019D0E3 /* Build configuration list for PBXProject "CageMatch" */ = {
			isa = XCConfigurationList;
			buildConfigurations = (
				45B2A20B1DC196700019D0E3 /* Debug */,
				45B2A20C1DC196700019D0E3 /* Release */,
			);
			defaultConfigurationIsVisible = 0;
			defaultConfigurationName = Release;
		};
		45B2A20D1DC196700019D0E3 /* Build configuration list for PBXNativeTarget "CageMatch" */ = {
			isa = XCConfigurationList;
			buildConfigurations = (
				45B2A20E1DC196700019D0E3 /* Debug */,
				45B2A20F1DC196700019D0E3 /* Release */,
			);
			defaultConfigurationIsVisible = 0;
			defaultConfigurationName = Release;
		};
		45B2A2101DC196700019D0E3 /* Build configuration list for PBXNativeTarget "CageMatchTests" */ = {
			isa = XCConfigurationList;
			buildConfigurations = (
				45B2A2111DC196700019D0E3 /* Debug */,
				45B2A2121DC196700019D0E3 /* Release */,
			);
			defaultConfigurationIsVisible = 0;
			defaultConfigurationName = Release;
		};
/* End XCConfigurationList section */
	};
	rootObject = 45B2A1E81DC196700019D0E3 /* Project object */;
}
